
Microsoft Visual Studio Solution File, Format Version 12.00
# Visual Studio 14
VisualStudioVersion = 14.0.25420.1
MinimumVisualStudioVersion = 10.0.40219.1
Project("{2150E333-8FDC-42A3-9474-1A3956D46DE8}") = "1.1 Presentation", "1.1 Presentation", "{A64985FF-E4EE-4655-99AC-10C9E89FF936}"
EndProject
Project("{2150E333-8FDC-42A3-9474-1A3956D46DE8}") = "1.2 Application", "1.2 Application", "{FB7E282C-42F3-4D44-8C96-F07F96621812}"
EndProject
Project("{2150E333-8FDC-42A3-9474-1A3956D46DE8}") = "1.3 Domain", "1.3 Domain", "{BD7D7C6D-8BD6-48AA-94EA-3BD6F4926EBB}"
EndProject
Project("{2150E333-8FDC-42A3-9474-1A3956D46DE8}") = "1.4 Infrastructure", "1.4 Infrastructure", "{150E5809-E1A0-4ABB-AA4A-6F014BE6D0D1}"
EndProject
Project("{2150E333-8FDC-42A3-9474-1A3956D46DE8}") = "1.1.1 Web", "1.1.1 Web", "{8FA6AB9B-FE36-46CE-9B48-EE221AB978DF}"
EndProject
Project("{2150E333-8FDC-42A3-9474-1A3956D46DE8}") = "1.2.1 Seedwork", "1.2.1 Seedwork", "{AEEAAA0A-BC9C-4889-B728-65CCDDD8A6B7}"
EndProject
Project("{2150E333-8FDC-42A3-9474-1A3956D46DE8}") = "1.2.2 MainBounderContext", "1.2.2 MainBounderContext", "{A418219A-F285-4338-80D4-37DB2BAFD753}"
EndProject
Project("{2150E333-8FDC-42A3-9474-1A3956D46DE8}") = "1.3.1 Seedwork", "1.3.1 Seedwork", "{D5BD4BE9-671D-4F4D-A71F-D5A4030AA48D}"
EndProject
Project("{2150E333-8FDC-42A3-9474-1A3956D46DE8}") = "1.3.2 MainBounderContext", "1.3.2 MainBounderContext", "{6088886E-F54C-4C1F-AE97-38A623360110}"
EndProject
Project("{2150E333-8FDC-42A3-9474-1A3956D46DE8}") = "1.4.1 Data", "1.4.1 Data", "{8AD68886-DAFB-4015-B9A0-83EB822F99B7}"
EndProject
Project("{2150E333-8FDC-42A3-9474-1A3956D46DE8}") = "1.4.2 Cross Cutting", "1.4.2 Cross Cutting", "{9A0E205C-65F3-44BB-B6F5-0FBFCDB2234F}"
EndProject
Project("{2150E333-8FDC-42A3-9474-1A3956D46DE8}") = "1.4.1.1 Seedwork", "1.4.1.1 Seedwork", "{BD9E88BD-8F59-4B9F-8C8B-D346390C2447}"
EndProject
Project("{2150E333-8FDC-42A3-9474-1A3956D46DE8}") = "1.4.1.2 MainBounderContext", "1.4.1.2 MainBounderContext", "{F99DDF26-1023-4EFB-ACB3-5554370CCD91}"
EndProject
Project("{2150E333-8FDC-42A3-9474-1A3956D46DE8}") = "1.4.2.1 Seedwork", "1.4.2.1 Seedwork", "{2EDAA76A-462C-4C16-B910-FA4AFF851138}"
EndProject
Project("{FAE04EC0-301F-11D3-BF4B-00C04F79EFBC}") = "Infrastructure.Crosscutting", "Infrastructure.Crosscutting\Infrastructure.Crosscutting.csproj", "{A349A270-2BE6-4A79-A9BA-613CBF4BAFAB}"
EndProject
Project("{FAE04EC0-301F-11D3-BF4B-00C04F79EFBC}") = "Infrastructure.Crosscutting.NetFramework", "Infrastructure.Crosscutting.NetFramework\Infrastructure.Crosscutting.NetFramework.csproj", "{7C9ADC16-3EEC-4A6B-B3C6-80A7FEEE729D}"
EndProject
Project("{FAE04EC0-301F-11D3-BF4B-00C04F79EFBC}") = "Domain.Seedwork", "Domain.Seedwork\Domain.Seedwork.csproj", "{24E99509-E70D-47B9-8D29-CF1BC110D13B}"
EndProject
Project("{FAE04EC0-301F-11D3-BF4B-00C04F79EFBC}") = "Infrastructure.Seedwork", "Infrastructure.Seedwork\Infrastructure.Seedwork.csproj", "{54E22145-2FD6-4118-B4E0-4DA9CB125AD5}"
EndProject
Project("{FAE04EC0-301F-11D3-BF4B-00C04F79EFBC}") = "Infrastructure.Data.MainBoundedContext", "Infrastructure.Data.MainBoundedContext\Infrastructure.Data.MainBoundedContext.csproj", "{EFA513AB-D329-4603-A696-89BF7A38CB12}"
EndProject
Project("{FAE04EC0-301F-11D3-BF4B-00C04F79EFBC}") = "Domain.MainBounderContext", "Domain.MainBounderContext\Domain.MainBounderContext.csproj", "{D882501A-F228-4B85-B8E0-9C20A4A227F6}"
EndProject
Project("{FAE04EC0-301F-11D3-BF4B-00C04F79EFBC}") = "Application.MainBounderContext", "Application.MainBounderContext\Application.MainBounderContext.csproj", "{4E4954B7-B0DA-4262-A084-C99A05A1793A}"
EndProject
Project("{FAE04EC0-301F-11D3-BF4B-00C04F79EFBC}") = "Application.Seedwork", "Application.Seedwork\Application.Seedwork.csproj", "{E9F5E92D-182D-4DAA-BC95-620A3195FF84}"
EndProject
Project("{FAE04EC0-301F-11D3-BF4B-00C04F79EFBC}") = "MVC.Client", "MVC.Client\MVC.Client.csproj", "{5054E525-4274-4B20-911A-7D64DB7FE7B3}"
EndProject
Project("{FAE04EC0-301F-11D3-BF4B-00C04F79EFBC}") = "Application.MainBounderContext.DTO", "Application.MainBounderContext.DTO\Application.MainBounderContext.DTO.csproj", "{8708867B-0184-4156-88E5-FF5A4CD28891}"
EndProject
Global
	GlobalSection(SolutionConfigurationPlatforms) = preSolution
		Debug|Any CPU = Debug|Any CPU
		Release|Any CPU = Release|Any CPU
	EndGlobalSection
	GlobalSection(ProjectConfigurationPlatforms) = postSolution
		{A349A270-2BE6-4A79-A9BA-613CBF4BAFAB}.Debug|Any CPU.ActiveCfg = Debug|Any CPU
		{A349A270-2BE6-4A79-A9BA-613CBF4BAFAB}.Debug|Any CPU.Build.0 = Debug|Any CPU
		{A349A270-2BE6-4A79-A9BA-613CBF4BAFAB}.Release|Any CPU.ActiveCfg = Release|Any CPU
		{A349A270-2BE6-4A79-A9BA-613CBF4BAFAB}.Release|Any CPU.Build.0 = Release|Any CPU
		{7C9ADC16-3EEC-4A6B-B3C6-80A7FEEE729D}.Debug|Any CPU.ActiveCfg = Debug|Any CPU
		{7C9ADC16-3EEC-4A6B-B3C6-80A7FEEE729D}.Debug|Any CPU.Build.0 = Debug|Any CPU
		{7C9ADC16-3EEC-4A6B-B3C6-80A7FEEE729D}.Release|Any CPU.ActiveCfg = Release|Any CPU
		{7C9ADC16-3EEC-4A6B-B3C6-80A7FEEE729D}.Release|Any CPU.Build.0 = Release|Any CPU
		{24E99509-E70D-47B9-8D29-CF1BC110D13B}.Debug|Any CPU.ActiveCfg = Debug|Any CPU
		{24E99509-E70D-47B9-8D29-CF1BC110D13B}.Debug|Any CPU.Build.0 = Debug|Any CPU
		{24E99509-E70D-47B9-8D29-CF1BC110D13B}.Release|Any CPU.ActiveCfg = Release|Any CPU
		{24E99509-E70D-47B9-8D29-CF1BC110D13B}.Release|Any CPU.Build.0 = Release|Any CPU
		{54E22145-2FD6-4118-B4E0-4DA9CB125AD5}.Debug|Any CPU.ActiveCfg = Debug|Any CPU
		{54E22145-2FD6-4118-B4E0-4DA9CB125AD5}.Debug|Any CPU.Build.0 = Debug|Any CPU
		{54E22145-2FD6-4118-B4E0-4DA9CB125AD5}.Release|Any CPU.ActiveCfg = Release|Any CPU
		{54E22145-2FD6-4118-B4E0-4DA9CB125AD5}.Release|Any CPU.Build.0 = Release|Any CPU
		{EFA513AB-D329-4603-A696-89BF7A38CB12}.Debug|Any CPU.ActiveCfg = Debug|Any CPU
		{EFA513AB-D329-4603-A696-89BF7A38CB12}.Debug|Any CPU.Build.0 = Debug|Any CPU
		{EFA513AB-D329-4603-A696-89BF7A38CB12}.Release|Any CPU.ActiveCfg = Release|Any CPU
		{EFA513AB-D329-4603-A696-89BF7A38CB12}.Release|Any CPU.Build.0 = Release|Any CPU
		{D882501A-F228-4B85-B8E0-9C20A4A227F6}.Debug|Any CPU.ActiveCfg = Debug|Any CPU
		{D882501A-F228-4B85-B8E0-9C20A4A227F6}.Debug|Any CPU.Build.0 = Debug|Any CPU
		{D882501A-F228-4B85-B8E0-9C20A4A227F6}.Release|Any CPU.ActiveCfg = Release|Any CPU
		{D882501A-F228-4B85-B8E0-9C20A4A227F6}.Release|Any CPU.Build.0 = Release|Any CPU
		{4E4954B7-B0DA-4262-A084-C99A05A1793A}.Debug|Any CPU.ActiveCfg = Debug|Any CPU
		{4E4954B7-B0DA-4262-A084-C99A05A1793A}.Debug|Any CPU.Build.0 = Debug|Any CPU
		{4E4954B7-B0DA-4262-A084-C99A05A1793A}.Release|Any CPU.ActiveCfg = Release|Any CPU
		{4E4954B7-B0DA-4262-A084-C99A05A1793A}.Release|Any CPU.Build.0 = Release|Any CPU
		{E9F5E92D-182D-4DAA-BC95-620A3195FF84}.Debug|Any CPU.ActiveCfg = Debug|Any CPU
		{E9F5E92D-182D-4DAA-BC95-620A3195FF84}.Debug|Any CPU.Build.0 = Debug|Any CPU
		{E9F5E92D-182D-4DAA-BC95-620A3195FF84}.Release|Any CPU.ActiveCfg = Release|Any CPU
		{E9F5E92D-182D-4DAA-BC95-620A3195FF84}.Release|Any CPU.Build.0 = Release|Any CPU
		{5054E525-4274-4B20-911A-7D64DB7FE7B3}.Debug|Any CPU.ActiveCfg = Debug|Any CPU
		{5054E525-4274-4B20-911A-7D64DB7FE7B3}.Debug|Any CPU.Build.0 = Debug|Any CPU
		{5054E525-4274-4B20-911A-7D64DB7FE7B3}.Release|Any CPU.ActiveCfg = Release|Any CPU
		{5054E525-4274-4B20-911A-7D64DB7FE7B3}.Release|Any CPU.Build.0 = Release|Any CPU
		{8708867B-0184-4156-88E5-FF5A4CD28891}.Debug|Any CPU.ActiveCfg = Debug|Any CPU
		{8708867B-0184-4156-88E5-FF5A4CD28891}.Debug|Any CPU.Build.0 = Debug|Any CPU
		{8708867B-0184-4156-88E5-FF5A4CD28891}.Release|Any CPU.ActiveCfg = Release|Any CPU
		{8708867B-0184-4156-88E5-FF5A4CD28891}.Release|Any CPU.Build.0 = Release|Any CPU
	EndGlobalSection
	GlobalSection(SolutionProperties) = preSolution
		HideSolutionNode = FALSE
	EndGlobalSection
	GlobalSection(NestedProjects) = preSolution
		{8FA6AB9B-FE36-46CE-9B48-EE221AB978DF} = {A64985FF-E4EE-4655-99AC-10C9E89FF936}
		{AEEAAA0A-BC9C-4889-B728-65CCDDD8A6B7} = {FB7E282C-42F3-4D44-8C96-F07F96621812}
		{A418219A-F285-4338-80D4-37DB2BAFD753} = {FB7E282C-42F3-4D44-8C96-F07F96621812}
		{D5BD4BE9-671D-4F4D-A71F-D5A4030AA48D} = {BD7D7C6D-8BD6-48AA-94EA-3BD6F4926EBB}
		{6088886E-F54C-4C1F-AE97-38A623360110} = {BD7D7C6D-8BD6-48AA-94EA-3BD6F4926EBB}
		{8AD68886-DAFB-4015-B9A0-83EB822F99B7} = {150E5809-E1A0-4ABB-AA4A-6F014BE6D0D1}
		{9A0E205C-65F3-44BB-B6F5-0FBFCDB2234F} = {150E5809-E1A0-4ABB-AA4A-6F014BE6D0D1}
		{BD9E88BD-8F59-4B9F-8C8B-D346390C2447} = {8AD68886-DAFB-4015-B9A0-83EB822F99B7}
		{F99DDF26-1023-4EFB-ACB3-5554370CCD91} = {8AD68886-DAFB-4015-B9A0-83EB822F99B7}
		{2EDAA76A-462C-4C16-B910-FA4AFF851138} = {9A0E205C-65F3-44BB-B6F5-0FBFCDB2234F}
		{A349A270-2BE6-4A79-A9BA-613CBF4BAFAB} = {2EDAA76A-462C-4C16-B910-FA4AFF851138}
		{7C9ADC16-3EEC-4A6B-B3C6-80A7FEEE729D} = {2EDAA76A-462C-4C16-B910-FA4AFF851138}
		{24E99509-E70D-47B9-8D29-CF1BC110D13B} = {D5BD4BE9-671D-4F4D-A71F-D5A4030AA48D}
		{54E22145-2FD6-4118-B4E0-4DA9CB125AD5} = {BD9E88BD-8F59-4B9F-8C8B-D346390C2447}
		{EFA513AB-D329-4603-A696-89BF7A38CB12} = {F99DDF26-1023-4EFB-ACB3-5554370CCD91}
		{D882501A-F228-4B85-B8E0-9C20A4A227F6} = {6088886E-F54C-4C1F-AE97-38A623360110}
		{4E4954B7-B0DA-4262-A084-C99A05A1793A} = {A418219A-F285-4338-80D4-37DB2BAFD753}
		{E9F5E92D-182D-4DAA-BC95-620A3195FF84} = {AEEAAA0A-BC9C-4889-B728-65CCDDD8A6B7}
		{5054E525-4274-4B20-911A-7D64DB7FE7B3} = {8FA6AB9B-FE36-46CE-9B48-EE221AB978DF}
		{8708867B-0184-4156-88E5-FF5A4CD28891} = {A418219A-F285-4338-80D4-37DB2BAFD753}
	EndGlobalSection
EndGlobal
